
Microsoft Visual Studio Solution File, Format Version 12.00
# Visual Studio 15
VisualStudioVersion = 15.0.27428.2011
MinimumVisualStudioVersion = 10.0.40219.1
Project("{9A19103F-16F7-4668-BE54-9A1E7A4F7556}") = "Vitacom.XmlParsing", "Vitacom.XmlParsing\Vitacom.XmlParsing.csproj", "{4D11B188-F86C-461A-8984-C79866AEB14E}"
EndProject
Project("{FAE04EC0-301F-11D3-BF4B-00C04F79EFBC}") = "Vitacom.XmlParsing.Model", "Vitacom.XmlParsing.Model\Vitacom.XmlParsing.Model.csproj", "{8DFD8A20-2053-4D37-875B-6AA53A8F305C}"
EndProject
Project("{FAE04EC0-301F-11D3-BF4B-00C04F79EFBC}") = "Vitacom.XmlParsing.Core", "Vitacom.XmlParsing.Core\Vitacom.XmlParsing.Core.csproj", "{65549823-BAC4-4329-B7D3-032BD81D936D}"
EndProject
Global
	GlobalSection(SolutionConfigurationPlatforms) = preSolution
		Debug|Any CPU = Debug|Any CPU
		Release|Any CPU = Release|Any CPU
	EndGlobalSection
	GlobalSection(ProjectConfigurationPlatforms) = postSolution
		{4D11B188-F86C-461A-8984-C79866AEB14E}.Debug|Any CPU.ActiveCfg = Debug|Any CPU
		{4D11B188-F86C-461A-8984-C79866AEB14E}.Debug|Any CPU.Build.0 = Debug|Any CPU
		{4D11B188-F86C-461A-8984-C79866AEB14E}.Release|Any CPU.ActiveCfg = Release|Any CPU
		{4D11B188-F86C-461A-8984-C79866AEB14E}.Release|Any CPU.Build.0 = Release|Any CPU
		{8DFD8A20-2053-4D37-875B-6AA53A8F305C}.Debug|Any CPU.ActiveCfg = Debug|Any CPU
		{8DFD8A20-2053-4D37-875B-6AA53A8F305C}.Debug|Any CPU.Build.0 = Debug|Any CPU
		{8DFD8A20-2053-4D37-875B-6AA53A8F305C}.Release|Any CPU.ActiveCfg = Release|Any CPU
		{8DFD8A20-2053-4D37-875B-6AA53A8F305C}.Release|Any CPU.Build.0 = Release|Any CPU
		{65549823-BAC4-4329-B7D3-032BD81D936D}.Debug|Any CPU.ActiveCfg = Debug|Any CPU
		{65549823-BAC4-4329-B7D3-032BD81D936D}.Debug|Any CPU.Build.0 = Debug|Any CPU
		{65549823-BAC4-4329-B7D3-032BD81D936D}.Release|Any CPU.ActiveCfg = Release|Any CPU
		{65549823-BAC4-4329-B7D3-032BD81D936D}.Release|Any CPU.Build.0 = Release|Any CPU
	EndGlobalSection
	GlobalSection(SolutionProperties) = preSolution
		HideSolutionNode = FALSE
	EndGlobalSection
	GlobalSection(ExtensibilityGlobals) = postSolution
		SolutionGuid = {1F8E2268-C147-42B3-8B9A-02303716E4BF}
	EndGlobalSection
EndGlobal
